
Microsoft Visual Studio Solution File, Format Version 12.00
# Visual Studio Version 17
VisualStudioVersion = 17.12.35527.113 d17.12
MinimumVisualStudioVersion = 10.0.40219.1
Project("{FAE04EC0-301F-11D3-BF4B-00C04F79EFBC}") = "AssignmentOfJSON", "AssignmentOfJSON.csproj", "{CDBD08AB-B0DB-4364-A7A1-401033F1E3D9}"
EndProject
Global
	GlobalSection(SolutionConfigurationPlatforms) = preSolution
		Debug|Any CPU = Debug|Any CPU
		Release|Any CPU = Release|Any CPU
	EndGlobalSection
	GlobalSection(ProjectConfigurationPlatforms) = postSolution
		{CDBD08AB-B0DB-4364-A7A1-401033F1E3D9}.Debug|Any CPU.ActiveCfg = Debug|Any CPU
		{CDBD08AB-B0DB-4364-A7A1-401033F1E3D9}.Debug|Any CPU.Build.0 = Debug|Any CPU
		{CDBD08AB-B0DB-4364-A7A1-401033F1E3D9}.Release|Any CPU.ActiveCfg = Release|Any CPU
		{CDBD08AB-B0DB-4364-A7A1-401033F1E3D9}.Release|Any CPU.Build.0 = Release|Any CPU
	EndGlobalSection
	GlobalSection(SolutionProperties) = preSolution
		HideSolutionNode = FALSE
	EndGlobalSection
EndGlobal
