
Microsoft Visual Studio Solution File, Format Version 12.00
# Visual Studio Version 17
VisualStudioVersion = 17.12.35527.113 d17.12
MinimumVisualStudioVersion = 10.0.40219.1
Project("{FAE04EC0-301F-11D3-BF4B-00C04F79EFBC}") = "CSVFileHandling", "CSVFileHandling.csproj", "{C444099A-27D5-430A-9F32-643AA22644BB}"
EndProject
Global
	GlobalSection(SolutionConfigurationPlatforms) = preSolution
		Debug|Any CPU = Debug|Any CPU
		Release|Any CPU = Release|Any CPU
	EndGlobalSection
	GlobalSection(ProjectConfigurationPlatforms) = postSolution
		{C444099A-27D5-430A-9F32-643AA22644BB}.Debug|Any CPU.ActiveCfg = Debug|Any CPU
		{C444099A-27D5-430A-9F32-643AA22644BB}.Debug|Any CPU.Build.0 = Debug|Any CPU
		{C444099A-27D5-430A-9F32-643AA22644BB}.Release|Any CPU.ActiveCfg = Release|Any CPU
		{C444099A-27D5-430A-9F32-643AA22644BB}.Release|Any CPU.Build.0 = Release|Any CPU
	EndGlobalSection
	GlobalSection(SolutionProperties) = preSolution
		HideSolutionNode = FALSE
	EndGlobalSection
EndGlobal
