
Microsoft Visual Studio Solution File, Format Version 12.00
# Visual Studio Version 17
VisualStudioVersion = 17.12.35527.113 d17.12
MinimumVisualStudioVersion = 10.0.40219.1
Project("{FAE04EC0-301F-11D3-BF4B-00C04F79EFBC}") = "OOPsLevel1", "OOPsLevel1.csproj", "{FF3B28CE-DC42-4C42-8ECD-9C7E2EA6E25F}"
EndProject
Global
	GlobalSection(SolutionConfigurationPlatforms) = preSolution
		Debug|Any CPU = Debug|Any CPU
		Release|Any CPU = Release|Any CPU
	EndGlobalSection
	GlobalSection(ProjectConfigurationPlatforms) = postSolution
		{FF3B28CE-DC42-4C42-8ECD-9C7E2EA6E25F}.Debug|Any CPU.ActiveCfg = Debug|Any CPU
		{FF3B28CE-DC42-4C42-8ECD-9C7E2EA6E25F}.Debug|Any CPU.Build.0 = Debug|Any CPU
		{FF3B28CE-DC42-4C42-8ECD-9C7E2EA6E25F}.Release|Any CPU.ActiveCfg = Release|Any CPU
		{FF3B28CE-DC42-4C42-8ECD-9C7E2EA6E25F}.Release|Any CPU.Build.0 = Release|Any CPU
	EndGlobalSection
	GlobalSection(SolutionProperties) = preSolution
		HideSolutionNode = FALSE
	EndGlobalSection
EndGlobal
