
Microsoft Visual Studio Solution File, Format Version 12.00
# Visual Studio Version 17
VisualStudioVersion = 17.12.35527.113 d17.12
MinimumVisualStudioVersion = 10.0.40219.1
Project("{FAE04EC0-301F-11D3-BF4B-00C04F79EFBC}") = "ObjectModeling", "ObjectModeling.csproj", "{ED444676-95B2-4986-9833-4580150A165A}"
EndProject
Global
	GlobalSection(SolutionConfigurationPlatforms) = preSolution
		Debug|Any CPU = Debug|Any CPU
		Release|Any CPU = Release|Any CPU
	EndGlobalSection
	GlobalSection(ProjectConfigurationPlatforms) = postSolution
		{ED444676-95B2-4986-9833-4580150A165A}.Debug|Any CPU.ActiveCfg = Debug|Any CPU
		{ED444676-95B2-4986-9833-4580150A165A}.Debug|Any CPU.Build.0 = Debug|Any CPU
		{ED444676-95B2-4986-9833-4580150A165A}.Release|Any CPU.ActiveCfg = Release|Any CPU
		{ED444676-95B2-4986-9833-4580150A165A}.Release|Any CPU.Build.0 = Release|Any CPU
	EndGlobalSection
	GlobalSection(SolutionProperties) = preSolution
		HideSolutionNode = FALSE
	EndGlobalSection
EndGlobal
